
Microsoft Visual Studio Solution File, Format Version 12.00
# Visual Studio Version 16
VisualStudioVersion = 16.0.30711.63
MinimumVisualStudioVersion = 10.0.40219.1
Project("{FAE04EC0-301F-11D3-BF4B-00C04F79EFBC}") = "API", "API\API.csproj", "{82DB8410-2A42-4C0D-B897-DE470EB3D513}"
EndProject
Project("{FAE04EC0-301F-11D3-BF4B-00C04F79EFBC}") = "Tests", "Tests\Tests.csproj", "{268FA29B-1282-426F-B02C-A0661791AA12}"
EndProject
Project("{FAE04EC0-301F-11D3-BF4B-00C04F79EFBC}") = "Data", "Data\Data.csproj", "{9AD59561-8C48-4582-BF23-10B4D81547D3}"
EndProject
Global
	GlobalSection(SolutionConfigurationPlatforms) = preSolution
		Debug|Any CPU = Debug|Any CPU
		Debug|x64 = Debug|x64
		Debug|x86 = Debug|x86
		Release|Any CPU = Release|Any CPU
		Release|x64 = Release|x64
		Release|x86 = Release|x86
	EndGlobalSection
	GlobalSection(ProjectConfigurationPlatforms) = postSolution
		{82DB8410-2A42-4C0D-B897-DE470EB3D513}.Debug|Any CPU.ActiveCfg = Debug|Any CPU
		{82DB8410-2A42-4C0D-B897-DE470EB3D513}.Debug|Any CPU.Build.0 = Debug|Any CPU
		{82DB8410-2A42-4C0D-B897-DE470EB3D513}.Debug|x64.ActiveCfg = Debug|Any CPU
		{82DB8410-2A42-4C0D-B897-DE470EB3D513}.Debug|x64.Build.0 = Debug|Any CPU
		{82DB8410-2A42-4C0D-B897-DE470EB3D513}.Debug|x86.ActiveCfg = Debug|Any CPU
		{82DB8410-2A42-4C0D-B897-DE470EB3D513}.Debug|x86.Build.0 = Debug|Any CPU
		{82DB8410-2A42-4C0D-B897-DE470EB3D513}.Release|Any CPU.ActiveCfg = Release|Any CPU
		{82DB8410-2A42-4C0D-B897-DE470EB3D513}.Release|Any CPU.Build.0 = Release|Any CPU
		{82DB8410-2A42-4C0D-B897-DE470EB3D513}.Release|x64.ActiveCfg = Release|Any CPU
		{82DB8410-2A42-4C0D-B897-DE470EB3D513}.Release|x64.Build.0 = Release|Any CPU
		{82DB8410-2A42-4C0D-B897-DE470EB3D513}.Release|x86.ActiveCfg = Release|Any CPU
		{82DB8410-2A42-4C0D-B897-DE470EB3D513}.Release|x86.Build.0 = Release|Any CPU
		{268FA29B-1282-426F-B02C-A0661791AA12}.Debug|Any CPU.ActiveCfg = Debug|Any CPU
		{268FA29B-1282-426F-B02C-A0661791AA12}.Debug|Any CPU.Build.0 = Debug|Any CPU
		{268FA29B-1282-426F-B02C-A0661791AA12}.Debug|x64.ActiveCfg = Debug|Any CPU
		{268FA29B-1282-426F-B02C-A0661791AA12}.Debug|x64.Build.0 = Debug|Any CPU
		{268FA29B-1282-426F-B02C-A0661791AA12}.Debug|x86.ActiveCfg = Debug|Any CPU
		{268FA29B-1282-426F-B02C-A0661791AA12}.Debug|x86.Build.0 = Debug|Any CPU
		{268FA29B-1282-426F-B02C-A0661791AA12}.Release|Any CPU.ActiveCfg = Release|Any CPU
		{268FA29B-1282-426F-B02C-A0661791AA12}.Release|Any CPU.Build.0 = Release|Any CPU
		{268FA29B-1282-426F-B02C-A0661791AA12}.Release|x64.ActiveCfg = Release|Any CPU
		{268FA29B-1282-426F-B02C-A0661791AA12}.Release|x64.Build.0 = Release|Any CPU
		{268FA29B-1282-426F-B02C-A0661791AA12}.Release|x86.ActiveCfg = Release|Any CPU
		{268FA29B-1282-426F-B02C-A0661791AA12}.Release|x86.Build.0 = Release|Any CPU
		{9AD59561-8C48-4582-BF23-10B4D81547D3}.Debug|Any CPU.ActiveCfg = Debug|Any CPU
		{9AD59561-8C48-4582-BF23-10B4D81547D3}.Debug|Any CPU.Build.0 = Debug|Any CPU
		{9AD59561-8C48-4582-BF23-10B4D81547D3}.Debug|x64.ActiveCfg = Debug|Any CPU
		{9AD59561-8C48-4582-BF23-10B4D81547D3}.Debug|x64.Build.0 = Debug|Any CPU
		{9AD59561-8C48-4582-BF23-10B4D81547D3}.Debug|x86.ActiveCfg = Debug|Any CPU
		{9AD59561-8C48-4582-BF23-10B4D81547D3}.Debug|x86.Build.0 = Debug|Any CPU
		{9AD59561-8C48-4582-BF23-10B4D81547D3}.Release|Any CPU.ActiveCfg = Release|Any CPU
		{9AD59561-8C48-4582-BF23-10B4D81547D3}.Release|Any CPU.Build.0 = Release|Any CPU
		{9AD59561-8C48-4582-BF23-10B4D81547D3}.Release|x64.ActiveCfg = Release|Any CPU
		{9AD59561-8C48-4582-BF23-10B4D81547D3}.Release|x64.Build.0 = Release|Any CPU
		{9AD59561-8C48-4582-BF23-10B4D81547D3}.Release|x86.ActiveCfg = Release|Any CPU
		{9AD59561-8C48-4582-BF23-10B4D81547D3}.Release|x86.Build.0 = Release|Any CPU
	EndGlobalSection
	GlobalSection(SolutionProperties) = preSolution
		HideSolutionNode = FALSE
	EndGlobalSection
	GlobalSection(ExtensibilityGlobals) = postSolution
		SolutionGuid = {01E7C6FA-78E7-44D7-8122-C3CA61EF6E7C}
	EndGlobalSection
EndGlobal
